
Microsoft Visual Studio Solution File, Format Version 12.00
# Visual Studio Version 16
VisualStudioVersion = 16.0.32126.315
MinimumVisualStudioVersion = 10.0.40219.1
Project("{FAE04EC0-301F-11D3-BF4B-00C04F79EFBC}") = "Practica_1", "Practica_1\Practica_1.csproj", "{5CDF5AC7-B76A-4B20-922A-28F92198F9A5}"
EndProject
Global
	GlobalSection(SolutionConfigurationPlatforms) = preSolution
		Debug|Any CPU = Debug|Any CPU
		Release|Any CPU = Release|Any CPU
	EndGlobalSection
	GlobalSection(ProjectConfigurationPlatforms) = postSolution
		{5CDF5AC7-B76A-4B20-922A-28F92198F9A5}.Debug|Any CPU.ActiveCfg = Debug|Any CPU
		{5CDF5AC7-B76A-4B20-922A-28F92198F9A5}.Debug|Any CPU.Build.0 = Debug|Any CPU
		{5CDF5AC7-B76A-4B20-922A-28F92198F9A5}.Release|Any CPU.ActiveCfg = Release|Any CPU
		{5CDF5AC7-B76A-4B20-922A-28F92198F9A5}.Release|Any CPU.Build.0 = Release|Any CPU
	EndGlobalSection
	GlobalSection(SolutionProperties) = preSolution
		HideSolutionNode = FALSE
	EndGlobalSection
	GlobalSection(ExtensibilityGlobals) = postSolution
		SolutionGuid = {DF0F53BE-96A7-43F3-B6FD-79BD095142CA}
	EndGlobalSection
EndGlobal
